
Microsoft Visual Studio Solution File, Format Version 12.00
# Visual Studio Version 16
VisualStudioVersion = 16.0.31729.503
MinimumVisualStudioVersion = 10.0.40219.1
Project("{FAE04EC0-301F-11D3-BF4B-00C04F79EFBC}") = "Algoritms_Exponentiation", "Algoritms_Exponentiation.csproj", "{2B812463-C9C1-4A17-A329-5BB6BA1E1562}"
EndProject
Global
	GlobalSection(SolutionConfigurationPlatforms) = preSolution
		Debug|Any CPU = Debug|Any CPU
		Release|Any CPU = Release|Any CPU
	EndGlobalSection
	GlobalSection(ProjectConfigurationPlatforms) = postSolution
		{2B812463-C9C1-4A17-A329-5BB6BA1E1562}.Debug|Any CPU.ActiveCfg = Debug|Any CPU
		{2B812463-C9C1-4A17-A329-5BB6BA1E1562}.Debug|Any CPU.Build.0 = Debug|Any CPU
		{2B812463-C9C1-4A17-A329-5BB6BA1E1562}.Release|Any CPU.ActiveCfg = Release|Any CPU
		{2B812463-C9C1-4A17-A329-5BB6BA1E1562}.Release|Any CPU.Build.0 = Release|Any CPU
	EndGlobalSection
	GlobalSection(SolutionProperties) = preSolution
		HideSolutionNode = FALSE
	EndGlobalSection
	GlobalSection(ExtensibilityGlobals) = postSolution
		SolutionGuid = {A2CC6F5D-F9B4-4BE9-871A-C306EDB1FE88}
	EndGlobalSection
EndGlobal
